
Microsoft Visual Studio Solution File, Format Version 12.00
Project("{FAE04EC0-301F-11D3-BF4B-00C04F79EFBC}") = "backend", "backend\backend.csproj", "{E2E13758-FD48-4277-B14A-023CC6254065}"
EndProject
Project("{FAE04EC0-301F-11D3-BF4B-00C04F79EFBC}") = "common", "common\common.csproj", "{FDFDC389-4FB3-4934-AFCA-871524ADCC7F}"
EndProject
Project("{FAE04EC0-301F-11D3-BF4B-00C04F79EFBC}") = "backend.Tests", "backend.Tests\backend.Tests.csproj", "{C143D690-2BB7-4D9D-A420-FADDFF6C29C0}"
EndProject
Global
	GlobalSection(SolutionConfigurationPlatforms) = preSolution
		Debug|Any CPU = Debug|Any CPU
		Release|Any CPU = Release|Any CPU
	EndGlobalSection
	GlobalSection(ProjectConfigurationPlatforms) = postSolution
		{E2E13758-FD48-4277-B14A-023CC6254065}.Debug|Any CPU.ActiveCfg = Debug|Any CPU
		{E2E13758-FD48-4277-B14A-023CC6254065}.Debug|Any CPU.Build.0 = Debug|Any CPU
		{E2E13758-FD48-4277-B14A-023CC6254065}.Release|Any CPU.ActiveCfg = Release|Any CPU
		{E2E13758-FD48-4277-B14A-023CC6254065}.Release|Any CPU.Build.0 = Release|Any CPU
		{FDFDC389-4FB3-4934-AFCA-871524ADCC7F}.Debug|Any CPU.ActiveCfg = Debug|Any CPU
		{FDFDC389-4FB3-4934-AFCA-871524ADCC7F}.Debug|Any CPU.Build.0 = Debug|Any CPU
		{FDFDC389-4FB3-4934-AFCA-871524ADCC7F}.Release|Any CPU.ActiveCfg = Release|Any CPU
		{FDFDC389-4FB3-4934-AFCA-871524ADCC7F}.Release|Any CPU.Build.0 = Release|Any CPU
		{C143D690-2BB7-4D9D-A420-FADDFF6C29C0}.Debug|Any CPU.ActiveCfg = Debug|Any CPU
		{C143D690-2BB7-4D9D-A420-FADDFF6C29C0}.Debug|Any CPU.Build.0 = Debug|Any CPU
		{C143D690-2BB7-4D9D-A420-FADDFF6C29C0}.Release|Any CPU.ActiveCfg = Release|Any CPU
		{C143D690-2BB7-4D9D-A420-FADDFF6C29C0}.Release|Any CPU.Build.0 = Release|Any CPU
	EndGlobalSection
EndGlobal
